version: 1.0.0
dependencies:
- name: cert-manager
  repository: https://charts.jetstack.io
  version: v1.11.0
- name: docker-mailserver
  repository: https://docker-mailserver.github.io/docker-mailserver-helm/
  version: 4.2.1
- name: kube-prometheus-stack
  repository: https://prometheus-community.github.io/helm-charts
  version: 72.6.3
- name: loki-stack
  repository: https://grafana.github.io/helm-charts
  version: 2.10.2
digest: sha256:481825068f21f24203abe4de19da63c64f60bbc545e49b027701f393892a5111
generated: '2025-06-09T22:19:25.017639443+08:00'
