version: 1.0.0
dependencies:
- name: cert-manager
  repository: https://charts.jetstack.io
  version: v1.11.0
- name: docker-mailserver
  repository: https://docker-mailserver.github.io/docker-mailserver-helm/
  version: 4.2.1
- name: kube-prometheus-stack
  repository: https://prometheus-community.github.io/helm-charts
  version: 72.6.3
digest: sha256:4bbd63da01138bba771108387107568eb84381643e8c6253a832d4085b84b2f9
generated: '2025-05-31T21:30:33.204415824+08:00'
